
Microsoft Visual Studio Solution File, Format Version 12.00
# Visual Studio Version 17
VisualStudioVersion = 17.10.35013.160
MinimumVisualStudioVersion = 10.0.40219.1
Project("{FAE04EC0-301F-11D3-BF4B-00C04F79EFBC}") = "CSC240-06-02-FiveColors2-DSG", "CSC240-06-02-FiveColors2-DSG.csproj", "{116121B9-D762-4301-85F2-F69F7AA8F992}"
EndProject
Global
	GlobalSection(SolutionConfigurationPlatforms) = preSolution
		Debug|Any CPU = Debug|Any CPU
		Release|Any CPU = Release|Any CPU
	EndGlobalSection
	GlobalSection(ProjectConfigurationPlatforms) = postSolution
		{116121B9-D762-4301-85F2-F69F7AA8F992}.Debug|Any CPU.ActiveCfg = Debug|Any CPU
		{116121B9-D762-4301-85F2-F69F7AA8F992}.Debug|Any CPU.Build.0 = Debug|Any CPU
		{116121B9-D762-4301-85F2-F69F7AA8F992}.Release|Any CPU.ActiveCfg = Release|Any CPU
		{116121B9-D762-4301-85F2-F69F7AA8F992}.Release|Any CPU.Build.0 = Release|Any CPU
	EndGlobalSection
	GlobalSection(SolutionProperties) = preSolution
		HideSolutionNode = FALSE
	EndGlobalSection
	GlobalSection(ExtensibilityGlobals) = postSolution
		SolutionGuid = {19516547-92A2-446F-B609-18F60738D916}
	EndGlobalSection
EndGlobal
